// !$*UTF8*$!
{
	archiveVersion = 1;
	classes = {
	};
	objectVersion = 46;
	objects = {

/* Begin PBXBuildFile section */
		0C8E87CA1A1A221800AFF991 /* Localization.m in Sources */ = {isa = PBXBuildFile; fileRef = 0C8E87C91A1A221800AFF991 /* Localization.m */; };
		0C97CC3A1A1A0783008CEE4C /* NavController.m in Sources */ = {isa = PBXBuildFile; fileRef = 0C97CC391A1A0783008CEE4C /* NavController.m */; };
		0C97CC3C1A1A16E7008CEE4C /* CoreText.framework in Frameworks */ = {isa = PBXBuildFile; fileRef = 0C97CC3B1A1A16E7008CEE4C /* CoreText.framework */; };
		0C97CC3F1A1A1C0B008CEE4C /* SettingsTableViewController.m in Sources */ = {isa = PBXBuildFile; fileRef = 0C97CC3E1A1A1C0B008CEE4C /* SettingsTableViewController.m */; };
		0C97CC421A1A20D0008CEE4C /* Localizable.strings in Resources */ = {isa = PBXBuildFile; fileRef = 0C97CC441A1A20D0008CEE4C /* Localizable.strings */; };
		0CE45BB31A1352E900BB8612 /* Foundation.framework in Frameworks */ = {isa = PBXBuildFile; fileRef = 0CE45BB21A1352E900BB8612 /* Foundation.framework */; };
		0CE45BB51A1352E900BB8612 /* CoreGraphics.framework in Frameworks */ = {isa = PBXBuildFile; fileRef = 0CE45BB41A1352E900BB8612 /* CoreGraphics.framework */; };
		0CE45BB71A1352E900BB8612 /* UIKit.framework in Frameworks */ = {isa = PBXBuildFile; fileRef = 0CE45BB61A1352E900BB8612 /* UIKit.framework */; };
		0CE45BBC1A1352E900BB8612 /* main.m in Sources */ = {isa = PBXBuildFile; fileRef = 0CE45BBB1A1352E900BB8612 /* main.m */; };
		0CE45BBE1A1352E900BB8612 /* FlickrApp-Info.plist in Resources */ = {isa = PBXBuildFile; fileRef = 0CE45BBD1A1352E900BB8612 /* FlickrApp-Info.plist */; };
		0CE45BC01A1352E900BB8612 /* FlickrApp-Prefix.pch in Resources */ = {isa = PBXBuildFile; fileRef = 0CE45BBF1A1352E900BB8612 /* FlickrApp-Prefix.pch */; };
		0CE45BC31A1352E900BB8612 /* AppDelegate.m in Sources */ = {isa = PBXBuildFile; fileRef = 0CE45BC21A1352E900BB8612 /* AppDelegate.m */; };
		0CE45BC81A1352E900BB8612 /* Images.xcassets in Resources */ = {isa = PBXBuildFile; fileRef = 0CE45BC71A1352E900BB8612 /* Images.xcassets */; };
		0CE45BE51A13571D00BB8612 /* ThumbsVC.m in Sources */ = {isa = PBXBuildFile; fileRef = 0CE45BE31A13571D00BB8612 /* ThumbsVC.m */; };
		0CE45BED1A135AD700BB8612 /* CachingImageView.m in Sources */ = {isa = PBXBuildFile; fileRef = 0CE45BE81A135AD700BB8612 /* CachingImageView.m */; };
		0CE45BEE1A135AD700BB8612 /* PhotoImageView.m in Sources */ = {isa = PBXBuildFile; fileRef = 0CE45BEA1A135AD700BB8612 /* PhotoImageView.m */; };
		0CE45BEF1A135AD700BB8612 /* ThumbCell.m in Sources */ = {isa = PBXBuildFile; fileRef = 0CE45BEC1A135AD700BB8612 /* ThumbCell.m */; };
		0CE45BF31A135D8000BB8612 /* ImageCache.m in Sources */ = {isa = PBXBuildFile; fileRef = 0CE45BF21A135D8000BB8612 /* ImageCache.m */; };
		0CE45BFC1A13797600BB8612 /* Configuration.m in Sources */ = {isa = PBXBuildFile; fileRef = 0CE45BFB1A13797600BB8612 /* Configuration.m */; };
		0CE45BFE1A13799600BB8612 /* Configuration.plist in Resources */ = {isa = PBXBuildFile; fileRef = 0CE45BFD1A13799600BB8612 /* Configuration.plist */; };
		0CE45C011A137F4700BB8612 /* NetworkManager.m in Sources */ = {isa = PBXBuildFile; fileRef = 0CE45C001A137F4700BB8612 /* NetworkManager.m */; };
		A14CC3F91A194B550043C68C /* FlickrApp.xcdatamodeld in Sources */ = {isa = PBXBuildFile; fileRef = A14CC3F71A194B550043C68C /* FlickrApp.xcdatamodeld */; };
		A14CC3FD1A1951320043C68C /* SDWebImageDecoder.m in Sources */ = {isa = PBXBuildFile; fileRef = A14CC3FC1A1951320043C68C /* SDWebImageDecoder.m */; };
		A14CC4001A1955FC0043C68C /* Photo.m in Sources */ = {isa = PBXBuildFile; fileRef = A14CC3FF1A1955FC0043C68C /* Photo.m */; };
		A14CC4011A1969F00043C68C /* PhotoVC.m in Sources */ = {isa = PBXBuildFile; fileRef = 0CE45BE11A13571D00BB8612 /* PhotoVC.m */; };
/* End PBXBuildFile section */

/* Begin PBXFileReference section */
		0C8E87C71A1A21E200AFF991 /* ru */ = {isa = PBXFileReference; lastKnownFileType = text.plist.strings; name = ru; path = ru.lproj/Localizable.strings; sourceTree = "<group>"; };
		0C8E87C81A1A221800AFF991 /* Localization.h */ = {isa = PBXFileReference; fileEncoding = 4; lastKnownFileType = sourcecode.c.h; path = Localization.h; sourceTree = "<group>"; };
		0C8E87C91A1A221800AFF991 /* Localization.m */ = {isa = PBXFileReference; fileEncoding = 4; lastKnownFileType = sourcecode.c.objc; path = Localization.m; sourceTree = "<group>"; };
		0C97CC381A1A0783008CEE4C /* NavController.h */ = {isa = PBXFileReference; fileEncoding = 4; lastKnownFileType = sourcecode.c.h; path = NavController.h; sourceTree = "<group>"; };
		0C97CC391A1A0783008CEE4C /* NavController.m */ = {isa = PBXFileReference; fileEncoding = 4; lastKnownFileType = sourcecode.c.objc; path = NavController.m; sourceTree = "<group>"; };
		0C97CC3B1A1A16E7008CEE4C /* CoreText.framework */ = {isa = PBXFileReference; lastKnownFileType = wrapper.framework; name = CoreText.framework; path = System/Library/Frameworks/CoreText.framework; sourceTree = SDKROOT; };
		0C97CC3D1A1A1C0B008CEE4C /* SettingsTableViewController.h */ = {isa = PBXFileReference; fileEncoding = 4; lastKnownFileType = sourcecode.c.h; path = SettingsTableViewController.h; sourceTree = "<group>"; };
		0C97CC3E1A1A1C0B008CEE4C /* SettingsTableViewController.m */ = {isa = PBXFileReference; fileEncoding = 4; lastKnownFileType = sourcecode.c.objc; path = SettingsTableViewController.m; sourceTree = "<group>"; };
		0C97CC431A1A20D0008CEE4C /* en */ = {isa = PBXFileReference; lastKnownFileType = text.plist.strings; name = en; path = en.lproj/Localizable.strings; sourceTree = "<group>"; };
		0CE45BAF1A1352E900BB8612 /* FlickrApp.app */ = {isa = PBXFileReference; explicitFileType = wrapper.application; includeInIndex = 0; path = FlickrApp.app; sourceTree = BUILT_PRODUCTS_DIR; };
		0CE45BB21A1352E900BB8612 /* Foundation.framework */ = {isa = PBXFileReference; lastKnownFileType = wrapper.framework; name = Foundation.framework; path = System/Library/Frameworks/Foundation.framework; sourceTree = SDKROOT; };
		0CE45BB41A1352E900BB8612 /* CoreGraphics.framework */ = {isa = PBXFileReference; lastKnownFileType = wrapper.framework; name = CoreGraphics.framework; path = System/Library/Frameworks/CoreGraphics.framework; sourceTree = SDKROOT; };
		0CE45BB61A1352E900BB8612 /* UIKit.framework */ = {isa = PBXFileReference; lastKnownFileType = wrapper.framework; name = UIKit.framework; path = System/Library/Frameworks/UIKit.framework; sourceTree = SDKROOT; };
		0CE45BBA1A1352E900BB8612 /* Info.plist */ = {isa = PBXFileReference; lastKnownFileType = text.plist.xml; path = Info.plist; sourceTree = "<group>"; };
		0CE45BBB1A1352E900BB8612 /* main.m */ = {isa = PBXFileReference; lastKnownFileType = sourcecode.c.objc; path = main.m; sourceTree = "<group>"; };
		0CE45BBD1A1352E900BB8612 /* FlickrApp-Info.plist */ = {isa = PBXFileReference; lastKnownFileType = text.plist.xml; path = "FlickrApp-Info.plist"; sourceTree = "<group>"; };
		0CE45BBF1A1352E900BB8612 /* FlickrApp-Prefix.pch */ = {isa = PBXFileReference; lastKnownFileType = sourcecode.c.h; path = "FlickrApp-Prefix.pch"; sourceTree = "<group>"; };
		0CE45BC11A1352E900BB8612 /* AppDelegate.h */ = {isa = PBXFileReference; lastKnownFileType = sourcecode.c.h; path = AppDelegate.h; sourceTree = "<group>"; };
		0CE45BC21A1352E900BB8612 /* AppDelegate.m */ = {isa = PBXFileReference; lastKnownFileType = sourcecode.c.objc; path = AppDelegate.m; sourceTree = "<group>"; };
		0CE45BC71A1352E900BB8612 /* Images.xcassets */ = {isa = PBXFileReference; lastKnownFileType = folder.assetcatalog; path = Images.xcassets; sourceTree = "<group>"; };
		0CE45BCE1A1352E900BB8612 /* XCTest.framework */ = {isa = PBXFileReference; lastKnownFileType = wrapper.framework; name = XCTest.framework; path = Library/Frameworks/XCTest.framework; sourceTree = DEVELOPER_DIR; };
		0CE45BE01A13571D00BB8612 /* PhotoVC.h */ = {isa = PBXFileReference; fileEncoding = 4; lastKnownFileType = sourcecode.c.h; path = PhotoVC.h; sourceTree = "<group>"; };
		0CE45BE11A13571D00BB8612 /* PhotoVC.m */ = {isa = PBXFileReference; fileEncoding = 4; lastKnownFileType = sourcecode.c.objc; path = PhotoVC.m; sourceTree = "<group>"; };
		0CE45BE21A13571D00BB8612 /* ThumbsVC.h */ = {isa = PBXFileReference; fileEncoding = 4; lastKnownFileType = sourcecode.c.h; path = ThumbsVC.h; sourceTree = "<group>"; };
		0CE45BE31A13571D00BB8612 /* ThumbsVC.m */ = {isa = PBXFileReference; fileEncoding = 4; lastKnownFileType = sourcecode.c.objc; path = ThumbsVC.m; sourceTree = "<group>"; };
		0CE45BE71A135AD700BB8612 /* CachingImageView.h */ = {isa = PBXFileReference; fileEncoding = 4; lastKnownFileType = sourcecode.c.h; path = CachingImageView.h; sourceTree = "<group>"; };
		0CE45BE81A135AD700BB8612 /* CachingImageView.m */ = {isa = PBXFileReference; fileEncoding = 4; lastKnownFileType = sourcecode.c.objc; path = CachingImageView.m; sourceTree = "<group>"; };
		0CE45BE91A135AD700BB8612 /* PhotoImageView.h */ = {isa = PBXFileReference; fileEncoding = 4; lastKnownFileType = sourcecode.c.h; path = PhotoImageView.h; sourceTree = "<group>"; };
		0CE45BEA1A135AD700BB8612 /* PhotoImageView.m */ = {isa = PBXFileReference; fileEncoding = 4; lastKnownFileType = sourcecode.c.objc; path = PhotoImageView.m; sourceTree = "<group>"; };
		0CE45BEB1A135AD700BB8612 /* ThumbCell.h */ = {isa = PBXFileReference; fileEncoding = 4; lastKnownFileType = sourcecode.c.h; path = ThumbCell.h; sourceTree = "<group>"; };
		0CE45BEC1A135AD700BB8612 /* ThumbCell.m */ = {isa = PBXFileReference; fileEncoding = 4; lastKnownFileType = sourcecode.c.objc; path = ThumbCell.m; sourceTree = "<group>"; };
		0CE45BF11A135D8000BB8612 /* ImageCache.h */ = {isa = PBXFileReference; fileEncoding = 4; lastKnownFileType = sourcecode.c.h; path = ImageCache.h; sourceTree = "<group>"; };
		0CE45BF21A135D8000BB8612 /* ImageCache.m */ = {isa = PBXFileReference; fileEncoding = 4; lastKnownFileType = sourcecode.c.objc; path = ImageCache.m; sourceTree = "<group>"; };
		0CE45BFA1A13797600BB8612 /* Configuration.h */ = {isa = PBXFileReference; fileEncoding = 4; lastKnownFileType = sourcecode.c.h; path = Configuration.h; sourceTree = "<group>"; };
		0CE45BFB1A13797600BB8612 /* Configuration.m */ = {isa = PBXFileReference; fileEncoding = 4; lastKnownFileType = sourcecode.c.objc; path = Configuration.m; sourceTree = "<group>"; };
		0CE45BFD1A13799600BB8612 /* Configuration.plist */ = {isa = PBXFileReference; fileEncoding = 4; lastKnownFileType = text.plist.xml; path = Configuration.plist; sourceTree = "<group>"; };
		0CE45BFF1A137F4700BB8612 /* NetworkManager.h */ = {isa = PBXFileReference; fileEncoding = 4; lastKnownFileType = sourcecode.c.h; path = NetworkManager.h; sourceTree = "<group>"; };
		0CE45C001A137F4700BB8612 /* NetworkManager.m */ = {isa = PBXFileReference; fileEncoding = 4; lastKnownFileType = sourcecode.c.objc; path = NetworkManager.m; sourceTree = "<group>"; };
		A14CC3F81A194B550043C68C /* FlickrApp.xcdatamodel */ = {isa = PBXFileReference; lastKnownFileType = wrapper.xcdatamodel; path = FlickrApp.xcdatamodel; sourceTree = "<group>"; };
		A14CC3FB1A1951320043C68C /* SDWebImageDecoder.h */ = {isa = PBXFileReference; fileEncoding = 4; lastKnownFileType = sourcecode.c.h; path = SDWebImageDecoder.h; sourceTree = "<group>"; };
		A14CC3FC1A1951320043C68C /* SDWebImageDecoder.m */ = {isa = PBXFileReference; fileEncoding = 4; lastKnownFileType = sourcecode.c.objc; path = SDWebImageDecoder.m; sourceTree = "<group>"; };
		A14CC3FE1A1955FC0043C68C /* Photo.h */ = {isa = PBXFileReference; fileEncoding = 4; lastKnownFileType = sourcecode.c.h; path = Photo.h; sourceTree = "<group>"; };
		A14CC3FF1A1955FC0043C68C /* Photo.m */ = {isa = PBXFileReference; fileEncoding = 4; lastKnownFileType = sourcecode.c.objc; path = Photo.m; sourceTree = "<group>"; };
/* End PBXFileReference section */

/* Begin PBXFrameworksBuildPhase section */
		0CE45BAC1A1352E900BB8612 /* Frameworks */ = {
			isa = PBXFrameworksBuildPhase;
			buildActionMask = 2147483647;
			files = (
				0C97CC3C1A1A16E7008CEE4C /* CoreText.framework in Frameworks */,
				0CE45BB51A1352E900BB8612 /* CoreGraphics.framework in Frameworks */,
				0CE45BB71A1352E900BB8612 /* UIKit.framework in Frameworks */,
				0CE45BB31A1352E900BB8612 /* Foundation.framework in Frameworks */,
			);
			runOnlyForDeploymentPostprocessing = 0;
		};
/* End PBXFrameworksBuildPhase section */

/* Begin PBXGroup section */
		0CE45BA61A1352E900BB8612 = {
			isa = PBXGroup;
			children = (
				0CE45BB81A1352E900BB8612 /* FlickrApp */,
				0CE45BB11A1352E900BB8612 /* Frameworks */,
				0CE45BB01A1352E900BB8612 /* Products */,
			);
			sourceTree = "<group>";
		};
		0CE45BB01A1352E900BB8612 /* Products */ = {
			isa = PBXGroup;
			children = (
				0CE45BAF1A1352E900BB8612 /* FlickrApp.app */,
			);
			name = Products;
			sourceTree = "<group>";
		};
		0CE45BB11A1352E900BB8612 /* Frameworks */ = {
			isa = PBXGroup;
			children = (
				0C97CC3B1A1A16E7008CEE4C /* CoreText.framework */,
				0CE45BB21A1352E900BB8612 /* Foundation.framework */,
				0CE45BB41A1352E900BB8612 /* CoreGraphics.framework */,
				0CE45BB61A1352E900BB8612 /* UIKit.framework */,
				0CE45BCE1A1352E900BB8612 /* XCTest.framework */,
			);
			name = Frameworks;
			sourceTree = "<group>";
		};
		0CE45BB81A1352E900BB8612 /* FlickrApp */ = {
			isa = PBXGroup;
			children = (
				A14CC3FA1A19510F0043C68C /* ThirdParty */,
				0CE45BF41A13612C00BB8612 /* Backend */,
				0CE45BDF1A13571D00BB8612 /* ViewControllers */,
				0CE45BE61A135AD700BB8612 /* Views */,
				0CE45BF01A135D8000BB8612 /* ImageCaching */,
				0CE45BBD1A1352E900BB8612 /* FlickrApp-Info.plist */,
				0CE45BBF1A1352E900BB8612 /* FlickrApp-Prefix.pch */,
				0CE45BC11A1352E900BB8612 /* AppDelegate.h */,
				0CE45BC21A1352E900BB8612 /* AppDelegate.m */,
				0CE45BC71A1352E900BB8612 /* Images.xcassets */,
				0CE45BB91A1352E900BB8612 /* Supporting Files */,
				0CE45BFA1A13797600BB8612 /* Configuration.h */,
				0CE45BFB1A13797600BB8612 /* Configuration.m */,
				0C8E87C81A1A221800AFF991 /* Localization.h */,
				0C8E87C91A1A221800AFF991 /* Localization.m */,
			);
			path = FlickrApp;
			sourceTree = "<group>";
		};
		0CE45BB91A1352E900BB8612 /* Supporting Files */ = {
			isa = PBXGroup;
			children = (
				0CE45BBA1A1352E900BB8612 /* Info.plist */,
				0CE45BBB1A1352E900BB8612 /* main.m */,
				0CE45BFD1A13799600BB8612 /* Configuration.plist */,
				A14CC3F71A194B550043C68C /* FlickrApp.xcdatamodeld */,
				0C97CC441A1A20D0008CEE4C /* Localizable.strings */,
			);
			name = "Supporting Files";
			sourceTree = "<group>";
		};
		0CE45BDF1A13571D00BB8612 /* ViewControllers */ = {
			isa = PBXGroup;
			children = (
				0CE45BE01A13571D00BB8612 /* PhotoVC.h */,
				0CE45BE11A13571D00BB8612 /* PhotoVC.m */,
				0CE45BE21A13571D00BB8612 /* ThumbsVC.h */,
				0CE45BE31A13571D00BB8612 /* ThumbsVC.m */,
				0C97CC381A1A0783008CEE4C /* NavController.h */,
				0C97CC391A1A0783008CEE4C /* NavController.m */,
				0C97CC3D1A1A1C0B008CEE4C /* SettingsTableViewController.h */,
				0C97CC3E1A1A1C0B008CEE4C /* SettingsTableViewController.m */,
			);
			path = ViewControllers;
			sourceTree = "<group>";
		};
		0CE45BE61A135AD700BB8612 /* Views */ = {
			isa = PBXGroup;
			children = (
				0CE45BE71A135AD700BB8612 /* CachingImageView.h */,
				0CE45BE81A135AD700BB8612 /* CachingImageView.m */,
				0CE45BE91A135AD700BB8612 /* PhotoImageView.h */,
				0CE45BEA1A135AD700BB8612 /* PhotoImageView.m */,
				0CE45BEB1A135AD700BB8612 /* ThumbCell.h */,
				0CE45BEC1A135AD700BB8612 /* ThumbCell.m */,
			);
			path = Views;
			sourceTree = "<group>";
		};
		0CE45BF01A135D8000BB8612 /* ImageCaching */ = {
			isa = PBXGroup;
			children = (
				0CE45BF11A135D8000BB8612 /* ImageCache.h */,
				0CE45BF21A135D8000BB8612 /* ImageCache.m */,
			);
			path = ImageCaching;
			sourceTree = "<group>";
		};
		0CE45BF41A13612C00BB8612 /* Backend */ = {
			isa = PBXGroup;
			children = (
				A14CC3FE1A1955FC0043C68C /* Photo.h */,
				A14CC3FF1A1955FC0043C68C /* Photo.m */,
				0CE45C001A137F4700BB8612 /* NetworkManager.m */,
				0CE45BFF1A137F4700BB8612 /* NetworkManager.h */,
			);
			path = Backend;
			sourceTree = "<group>";
		};
		A14CC3FA1A19510F0043C68C /* ThirdParty */ = {
			isa = PBXGroup;
			children = (
				A14CC3FB1A1951320043C68C /* SDWebImageDecoder.h */,
				A14CC3FC1A1951320043C68C /* SDWebImageDecoder.m */,
			);
			path = ThirdParty;
			sourceTree = "<group>";
		};
/* End PBXGroup section */

/* Begin PBXNativeTarget section */
		0CE45BAE1A1352E900BB8612 /* FlickrApp */ = {
			isa = PBXNativeTarget;
			buildConfigurationList = 0CE45BD91A1352E900BB8612 /* Build configuration list for PBXNativeTarget "FlickrApp" */;
			buildPhases = (
				0CE45BAB1A1352E900BB8612 /* Sources */,
				0CE45BAC1A1352E900BB8612 /* Frameworks */,
				0CE45BAD1A1352E900BB8612 /* Resources */,
			);
			buildRules = (
			);
			dependencies = (
			);
			name = FlickrApp;
			productName = FlickrApp;
			productReference = 0CE45BAF1A1352E900BB8612 /* FlickrApp.app */;
			productType = "com.apple.product-type.application";
		};
/* End PBXNativeTarget section */

/* Begin PBXProject section */
		0CE45BA71A1352E900BB8612 /* Project object */ = {
			isa = PBXProject;
			attributes = {
				LastUpgradeCheck = 0610;
				ORGANIZATIONNAME = Artezio;
				TargetAttributes = {
					0CE45BAE1A1352E900BB8612 = {
						CreatedOnToolsVersion = 6.1;
					};
				};
			};
			buildConfigurationList = 0CE45BAA1A1352E900BB8612 /* Build configuration list for PBXProject "FlickrApp" */;
			compatibilityVersion = "Xcode 3.2";
			developmentRegion = English;
			hasScannedForEncodings = 0;
			knownRegions = (
				en,
				Base,
				ru,
			);
			mainGroup = 0CE45BA61A1352E900BB8612;
			productRefGroup = 0CE45BB01A1352E900BB8612 /* Products */;
			projectDirPath = "";
			projectRoot = "";
			targets = (
				0CE45BAE1A1352E900BB8612 /* FlickrApp */,
			);
		};
/* End PBXProject section */

/* Begin PBXResourcesBuildPhase section */
		0CE45BAD1A1352E900BB8612 /* Resources */ = {
			isa = PBXResourcesBuildPhase;
			buildActionMask = 2147483647;
			files = (
				0C97CC421A1A20D0008CEE4C /* Localizable.strings in Resources */,
				0CE45BFE1A13799600BB8612 /* Configuration.plist in Resources */,
				0CE45BC81A1352E900BB8612 /* Images.xcassets in Resources */,
				0CE45BC01A1352E900BB8612 /* FlickrApp-Prefix.pch in Resources */,
				0CE45BBE1A1352E900BB8612 /* FlickrApp-Info.plist in Resources */,
			);
			runOnlyForDeploymentPostprocessing = 0;
		};
/* End PBXResourcesBuildPhase section */

/* Begin PBXSourcesBuildPhase section */
		0CE45BAB1A1352E900BB8612 /* Sources */ = {
			isa = PBXSourcesBuildPhase;
			buildActionMask = 2147483647;
			files = (
				A14CC4001A1955FC0043C68C /* Photo.m in Sources */,
				0CE45BFC1A13797600BB8612 /* Configuration.m in Sources */,
				0C8E87CA1A1A221800AFF991 /* Localization.m in Sources */,
				0CE45BEF1A135AD700BB8612 /* ThumbCell.m in Sources */,
				0C97CC3A1A1A0783008CEE4C /* NavController.m in Sources */,
				0CE45BED1A135AD700BB8612 /* CachingImageView.m in Sources */,
				0CE45C011A137F4700BB8612 /* NetworkManager.m in Sources */,
				0CE45BEE1A135AD700BB8612 /* PhotoImageView.m in Sources */,
				A14CC4011A1969F00043C68C /* PhotoVC.m in Sources */,
				A14CC3FD1A1951320043C68C /* SDWebImageDecoder.m in Sources */,
				0CE45BE51A13571D00BB8612 /* ThumbsVC.m in Sources */,
				A14CC3F91A194B550043C68C /* FlickrApp.xcdatamodeld in Sources */,
				0CE45BC31A1352E900BB8612 /* AppDelegate.m in Sources */,
				0C97CC3F1A1A1C0B008CEE4C /* SettingsTableViewController.m in Sources */,
				0CE45BF31A135D8000BB8612 /* ImageCache.m in Sources */,
				0CE45BBC1A1352E900BB8612 /* main.m in Sources */,
			);
			runOnlyForDeploymentPostprocessing = 0;
		};
/* End PBXSourcesBuildPhase section */

/* Begin PBXVariantGroup section */
		0C97CC441A1A20D0008CEE4C /* Localizable.strings */ = {
			isa = PBXVariantGroup;
			children = (
				0C97CC431A1A20D0008CEE4C /* en */,
				0C8E87C71A1A21E200AFF991 /* ru */,
			);
			name = Localizable.strings;
			sourceTree = "<group>";
		};
/* End PBXVariantGroup section */

/* Begin XCBuildConfiguration section */
		0CE45BD71A1352E900BB8612 /* Debug */ = {
			isa = XCBuildConfiguration;
			buildSettings = {
				ALWAYS_SEARCH_USER_PATHS = NO;
				CLANG_CXX_LANGUAGE_STANDARD = "gnu++0x";
				CLANG_CXX_LIBRARY = "libc++";
				CLANG_ENABLE_MODULES = YES;
				CLANG_ENABLE_OBJC_ARC = YES;
				CLANG_WARN_BOOL_CONVERSION = YES;
				CLANG_WARN_CONSTANT_CONVERSION = YES;
				CLANG_WARN_DIRECT_OBJC_ISA_USAGE = YES_ERROR;
				CLANG_WARN_EMPTY_BODY = YES;
				CLANG_WARN_ENUM_CONVERSION = YES;
				CLANG_WARN_INT_CONVERSION = YES;
				CLANG_WARN_OBJC_ROOT_CLASS = YES_ERROR;
				CLANG_WARN_UNREACHABLE_CODE = YES;
				CLANG_WARN__DUPLICATE_METHOD_MATCH = YES;
				"CODE_SIGN_IDENTITY[sdk=iphoneos*]" = "iPhone Developer";
				COPY_PHASE_STRIP = NO;
				ENABLE_STRICT_OBJC_MSGSEND = YES;
				GCC_C_LANGUAGE_STANDARD = gnu99;
				GCC_DYNAMIC_NO_PIC = NO;
				GCC_OPTIMIZATION_LEVEL = 0;
				GCC_PREPROCESSOR_DEFINITIONS = (
					"DEBUG=1",
					"$(inherited)",
				);
				GCC_SYMBOLS_PRIVATE_EXTERN = NO;
				GCC_WARN_64_TO_32_BIT_CONVERSION = YES;
				GCC_WARN_ABOUT_RETURN_TYPE = YES_ERROR;
				GCC_WARN_UNDECLARED_SELECTOR = YES;
				GCC_WARN_UNINITIALIZED_AUTOS = YES_AGGRESSIVE;
				GCC_WARN_UNUSED_FUNCTION = YES;
				GCC_WARN_UNUSED_VARIABLE = YES;
				IPHONEOS_DEPLOYMENT_TARGET = 8.1;
				MTL_ENABLE_DEBUG_INFO = YES;
				ONLY_ACTIVE_ARCH = YES;
				SDKROOT = iphoneos;
			};
			name = Debug;
		};
		0CE45BD81A1352E900BB8612 /* Release */ = {
			isa = XCBuildConfiguration;
			buildSettings = {
				ALWAYS_SEARCH_USER_PATHS = NO;
				CLANG_CXX_LANGUAGE_STANDARD = "gnu++0x";
				CLANG_CXX_LIBRARY = "libc++";
				CLANG_ENABLE_MODULES = YES;
				CLANG_ENABLE_OBJC_ARC = YES;
				CLANG_WARN_BOOL_CONVERSION = YES;
				CLANG_WARN_CONSTANT_CONVERSION = YES;
				CLANG_WARN_DIRECT_OBJC_ISA_USAGE = YES_ERROR;
				CLANG_WARN_EMPTY_BODY = YES;
				CLANG_WARN_ENUM_CONVERSION = YES;
				CLANG_WARN_INT_CONVERSION = YES;
				CLANG_WARN_OBJC_ROOT_CLASS = YES_ERROR;
				CLANG_WARN_UNREACHABLE_CODE = YES;
				CLANG_WARN__DUPLICATE_METHOD_MATCH = YES;
				"CODE_SIGN_IDENTITY[sdk=iphoneos*]" = "iPhone Developer";
				COPY_PHASE_STRIP = YES;
				ENABLE_NS_ASSERTIONS = NO;
				ENABLE_STRICT_OBJC_MSGSEND = YES;
				GCC_C_LANGUAGE_STANDARD = gnu99;
				GCC_WARN_64_TO_32_BIT_CONVERSION = YES;
				GCC_WARN_ABOUT_RETURN_TYPE = YES_ERROR;
				GCC_WARN_UNDECLARED_SELECTOR = YES;
				GCC_WARN_UNINITIALIZED_AUTOS = YES_AGGRESSIVE;
				GCC_WARN_UNUSED_FUNCTION = YES;
				GCC_WARN_UNUSED_VARIABLE = YES;
				IPHONEOS_DEPLOYMENT_TARGET = 8.1;
				MTL_ENABLE_DEBUG_INFO = NO;
				SDKROOT = iphoneos;
				VALIDATE_PRODUCT = YES;
			};
			name = Release;
		};
		0CE45BDA1A1352E900BB8612 /* Debug */ = {
			isa = XCBuildConfiguration;
			buildSettings = {
				ASSETCATALOG_COMPILER_APPICON_NAME = AppIcon;
				ASSETCATALOG_COMPILER_LAUNCHIMAGE_NAME = LaunchImage;
				FRAMEWORK_SEARCH_PATHS = "$(inherited)";
				INFOPLIST_FILE = FlickrApp/Info.plist;
				IPHONEOS_DEPLOYMENT_TARGET = 7.0;
				PRODUCT_NAME = "$(TARGET_NAME)";
				WRAPPER_EXTENSION = app;
			};
			name = Debug;
		};
		0CE45BDB1A1352E900BB8612 /* Release */ = {
			isa = XCBuildConfiguration;
			buildSettings = {
				ASSETCATALOG_COMPILER_APPICON_NAME = AppIcon;
				ASSETCATALOG_COMPILER_LAUNCHIMAGE_NAME = LaunchImage;
				FRAMEWORK_SEARCH_PATHS = "$(inherited)";
				INFOPLIST_FILE = FlickrApp/Info.plist;
				IPHONEOS_DEPLOYMENT_TARGET = 7.0;
				PRODUCT_NAME = "$(TARGET_NAME)";
				WRAPPER_EXTENSION = app;
			};
			name = Release;
		};
/* End XCBuildConfiguration section */

/* Begin XCConfigurationList section */
		0CE45BAA1A1352E900BB8612 /* Build configuration list for PBXProject "FlickrApp" */ = {
			isa = XCConfigurationList;
			buildConfigurations = (
				0CE45BD71A1352E900BB8612 /* Debug */,
				0CE45BD81A1352E900BB8612 /* Release */,
			);
			defaultConfigurationIsVisible = 0;
			defaultConfigurationName = Release;
		};
		0CE45BD91A1352E900BB8612 /* Build configuration list for PBXNativeTarget "FlickrApp" */ = {
			isa = XCConfigurationList;
			buildConfigurations = (
				0CE45BDA1A1352E900BB8612 /* Debug */,
				0CE45BDB1A1352E900BB8612 /* Release */,
			);
			defaultConfigurationIsVisible = 0;
			defaultConfigurationName = Release;
		};
/* End XCConfigurationList section */

/* Begin XCVersionGroup section */
		A14CC3F71A194B550043C68C /* FlickrApp.xcdatamodeld */ = {
			isa = XCVersionGroup;
			children = (
				A14CC3F81A194B550043C68C /* FlickrApp.xcdatamodel */,
			);
			currentVersion = A14CC3F81A194B550043C68C /* FlickrApp.xcdatamodel */;
			path = FlickrApp.xcdatamodeld;
			sourceTree = "<group>";
			versionGroupType = wrapper.xcdatamodel;
		};
/* End XCVersionGroup section */
	};
	rootObject = 0CE45BA71A1352E900BB8612 /* Project object */;
}
